github.com/caltechlibrary/cli v0.0.16 h1:jgw6dZb3VDy9L5LrWWm1ieqHYAMKgcv+NF6osSj3YRM=
github.com/caltechlibrary/cli v0.0.16/go.mod h1:BVT+6d/QqcN4UApWR3ufjkkKj2O6+48B4G6iUpP8m38=
github.com/rsdoiel/fdx v0.0.1 h1:xtbqqRhcf7QcU75+bQMGniKOhIxJKAqgueWD5mCgdIo=
github.com/rsdoiel/fdx v0.0.1/go.mod h1:oH51XXs2mdGLx6hJTz16K/IwhITrLT7rRAgYZ+gPyVc=
github.com/rsdoiel/fountain v0.0.2 h1:uG0dPOygBqUsygPeB8p0OTFZX32g2Csw3SGF9HIt1Ec=
github.com/rsdoiel/fountain v0.0.2/go.mod h1:mCs/6pNzXWy+tOpLtQqsZj1t6hc5URROg0dS0jnpjfM=
github.com/rsdoiel/osf v0.0.1 h1:08gBN60dCw65S2F9aLcqHkXonYY0P5bwC9Qzora7cdY=
github.com/rsdoiel/osf v0.0.1/go.mod h1:BF4LTBNgxXjs6rxvkHFZuHGI6FaermZ122yd9o33nkE=
